
Microsoft Visual Studio Solution File, Format Version 12.00
# Visual Studio 15
VisualStudioVersion = 15.0.27428.2005
MinimumVisualStudioVersion = 10.0.40219.1
Project("{FAE04EC0-301F-11D3-BF4B-00C04F79EFBC}") = "ServiceChatApp(APIAI)", "ServiceChatApp(APIAI)\ServiceChatApp(APIAI).csproj", "{1D892194-5264-42B4-ADDD-65ADB6AE355C}"
EndProject
Global
	GlobalSection(SolutionConfigurationPlatforms) = preSolution
		Debug|Any CPU = Debug|Any CPU
		Release|Any CPU = Release|Any CPU
	EndGlobalSection
	GlobalSection(ProjectConfigurationPlatforms) = postSolution
		{1D892194-5264-42B4-ADDD-65ADB6AE355C}.Debug|Any CPU.ActiveCfg = Debug|Any CPU
		{1D892194-5264-42B4-ADDD-65ADB6AE355C}.Debug|Any CPU.Build.0 = Debug|Any CPU
		{1D892194-5264-42B4-ADDD-65ADB6AE355C}.Release|Any CPU.ActiveCfg = Release|Any CPU
		{1D892194-5264-42B4-ADDD-65ADB6AE355C}.Release|Any CPU.Build.0 = Release|Any CPU
	EndGlobalSection
	GlobalSection(SolutionProperties) = preSolution
		HideSolutionNode = FALSE
	EndGlobalSection
	GlobalSection(ExtensibilityGlobals) = postSolution
		SolutionGuid = {0FB7CD43-4C8E-4B4D-8483-33FD31B57697}
	EndGlobalSection
EndGlobal
